// !$*UTF8*$!
{
	archiveVersion = 1;
	classes = {
	};
	objectVersion = 48;
	objects = {

/* Begin PBXBuildFile section */
		0D8371CEC1BCB5454686A8F4 /* Pods_TheMovieDB_Swift_AppTests.framework in Frameworks */ = {isa = PBXBuildFile; fileRef = CA3EBD076E79983B381BFFFB /* Pods_TheMovieDB_Swift_AppTests.framework */; };
		185D88512D4BDEE4CC510999 /* Pods_TheMovieDB_Swift_App.framework in Frameworks */ = {isa = PBXBuildFile; fileRef = 49611D83EC1BDC56CF6E9E98 /* Pods_TheMovieDB_Swift_App.framework */; };
		226EF5A664F583E433B58C90 /* Pods_TheMovieDB_Swift_AppUITests.framework in Frameworks */ = {isa = PBXBuildFile; fileRef = 6729C57FCC045FDC4A31CC82 /* Pods_TheMovieDB_Swift_AppUITests.framework */; };
		B76B4671202E20470023DD13 /* AppDelegate.swift in Sources */ = {isa = PBXBuildFile; fileRef = B76B4670202E20470023DD13 /* AppDelegate.swift */; };
		B76B4673202E20470023DD13 /* ViewController.swift in Sources */ = {isa = PBXBuildFile; fileRef = B76B4672202E20470023DD13 /* ViewController.swift */; };
		B76B4676202E20470023DD13 /* Main.storyboard in Resources */ = {isa = PBXBuildFile; fileRef = B76B4674202E20470023DD13 /* Main.storyboard */; };
		B76B4678202E20470023DD13 /* Assets.xcassets in Resources */ = {isa = PBXBuildFile; fileRef = B76B4677202E20470023DD13 /* Assets.xcassets */; };
		B76B467B202E20470023DD13 /* LaunchScreen.storyboard in Resources */ = {isa = PBXBuildFile; fileRef = B76B4679202E20470023DD13 /* LaunchScreen.storyboard */; };
		B76B4686202E20470023DD13 /* TheMovieDB_Swift_AppTests.swift in Sources */ = {isa = PBXBuildFile; fileRef = B76B4685202E20470023DD13 /* TheMovieDB_Swift_AppTests.swift */; };
		B76B4691202E20470023DD13 /* TheMovieDB_Swift_AppUITests.swift in Sources */ = {isa = PBXBuildFile; fileRef = B76B4690202E20470023DD13 /* TheMovieDB_Swift_AppUITests.swift */; };
/* End PBXBuildFile section */

/* Begin PBXContainerItemProxy section */
		B76B4682202E20470023DD13 /* PBXContainerItemProxy */ = {
			isa = PBXContainerItemProxy;
			containerPortal = B76B4665202E20470023DD13 /* Project object */;
			proxyType = 1;
			remoteGlobalIDString = B76B466C202E20470023DD13;
			remoteInfo = "TheMovieDB-Swift-App";
		};
		B76B468D202E20470023DD13 /* PBXContainerItemProxy */ = {
			isa = PBXContainerItemProxy;
			containerPortal = B76B4665202E20470023DD13 /* Project object */;
			proxyType = 1;
			remoteGlobalIDString = B76B466C202E20470023DD13;
			remoteInfo = "TheMovieDB-Swift-App";
		};
/* End PBXContainerItemProxy section */

/* Begin PBXFileReference section */
		054C36E87EB74F0109ED1186 /* Pods-TheMovieDB-Swift-AppUITests.release.xcconfig */ = {isa = PBXFileReference; includeInIndex = 1; lastKnownFileType = text.xcconfig; name = "Pods-TheMovieDB-Swift-AppUITests.release.xcconfig"; path = "Pods/Target Support Files/Pods-TheMovieDB-Swift-AppUITests/Pods-TheMovieDB-Swift-AppUITests.release.xcconfig"; sourceTree = "<group>"; };
		27A530643892E17EBD2C1C96 /* Pods-TheMovieDB-Swift-App.debug.xcconfig */ = {isa = PBXFileReference; includeInIndex = 1; lastKnownFileType = text.xcconfig; name = "Pods-TheMovieDB-Swift-App.debug.xcconfig"; path = "Pods/Target Support Files/Pods-TheMovieDB-Swift-App/Pods-TheMovieDB-Swift-App.debug.xcconfig"; sourceTree = "<group>"; };
		2F7FF0268B927C91F215AF75 /* Pods-TheMovieDB-Swift-AppTests.debug.xcconfig */ = {isa = PBXFileReference; includeInIndex = 1; lastKnownFileType = text.xcconfig; name = "Pods-TheMovieDB-Swift-AppTests.debug.xcconfig"; path = "Pods/Target Support Files/Pods-TheMovieDB-Swift-AppTests/Pods-TheMovieDB-Swift-AppTests.debug.xcconfig"; sourceTree = "<group>"; };
		49611D83EC1BDC56CF6E9E98 /* Pods_TheMovieDB_Swift_App.framework */ = {isa = PBXFileReference; explicitFileType = wrapper.framework; includeInIndex = 0; path = Pods_TheMovieDB_Swift_App.framework; sourceTree = BUILT_PRODUCTS_DIR; };
		4A6F9F8E6966222C96059153 /* Pods-TheMovieDB-Swift-App.release.xcconfig */ = {isa = PBXFileReference; includeInIndex = 1; lastKnownFileType = text.xcconfig; name = "Pods-TheMovieDB-Swift-App.release.xcconfig"; path = "Pods/Target Support Files/Pods-TheMovieDB-Swift-App/Pods-TheMovieDB-Swift-App.release.xcconfig"; sourceTree = "<group>"; };
		6729C57FCC045FDC4A31CC82 /* Pods_TheMovieDB_Swift_AppUITests.framework */ = {isa = PBXFileReference; explicitFileType = wrapper.framework; includeInIndex = 0; path = Pods_TheMovieDB_Swift_AppUITests.framework; sourceTree = BUILT_PRODUCTS_DIR; };
		90C1A2894CFF8FB8F9C653D5 /* Pods-TheMovieDB-Swift-AppTests.release.xcconfig */ = {isa = PBXFileReference; includeInIndex = 1; lastKnownFileType = text.xcconfig; name = "Pods-TheMovieDB-Swift-AppTests.release.xcconfig"; path = "Pods/Target Support Files/Pods-TheMovieDB-Swift-AppTests/Pods-TheMovieDB-Swift-AppTests.release.xcconfig"; sourceTree = "<group>"; };
		B76B466D202E20470023DD13 /* TheMovieDB-Swift-App.app */ = {isa = PBXFileReference; explicitFileType = wrapper.application; includeInIndex = 0; path = "TheMovieDB-Swift-App.app"; sourceTree = BUILT_PRODUCTS_DIR; };
		B76B4670202E20470023DD13 /* AppDelegate.swift */ = {isa = PBXFileReference; lastKnownFileType = sourcecode.swift; path = AppDelegate.swift; sourceTree = "<group>"; };
		B76B4672202E20470023DD13 /* ViewController.swift */ = {isa = PBXFileReference; lastKnownFileType = sourcecode.swift; path = ViewController.swift; sourceTree = "<group>"; };
		B76B4675202E20470023DD13 /* Base */ = {isa = PBXFileReference; lastKnownFileType = file.storyboard; name = Base; path = Base.lproj/Main.storyboard; sourceTree = "<group>"; };
		B76B4677202E20470023DD13 /* Assets.xcassets */ = {isa = PBXFileReference; lastKnownFileType = folder.assetcatalog; path = Assets.xcassets; sourceTree = "<group>"; };
		B76B467A202E20470023DD13 /* Base */ = {isa = PBXFileReference; lastKnownFileType = file.storyboard; name = Base; path = Base.lproj/LaunchScreen.storyboard; sourceTree = "<group>"; };
		B76B467C202E20470023DD13 /* Info.plist */ = {isa = PBXFileReference; lastKnownFileType = text.plist.xml; path = Info.plist; sourceTree = "<group>"; };
		B76B4681202E20470023DD13 /* TheMovieDB-Swift-AppTests.xctest */ = {isa = PBXFileReference; explicitFileType = wrapper.cfbundle; includeInIndex = 0; path = "TheMovieDB-Swift-AppTests.xctest"; sourceTree = BUILT_PRODUCTS_DIR; };
		B76B4685202E20470023DD13 /* TheMovieDB_Swift_AppTests.swift */ = {isa = PBXFileReference; lastKnownFileType = sourcecode.swift; path = TheMovieDB_Swift_AppTests.swift; sourceTree = "<group>"; };
		B76B4687202E20470023DD13 /* Info.plist */ = {isa = PBXFileReference; lastKnownFileType = text.plist.xml; path = Info.plist; sourceTree = "<group>"; };
		B76B468C202E20470023DD13 /* TheMovieDB-Swift-AppUITests.xctest */ = {isa = PBXFileReference; explicitFileType = wrapper.cfbundle; includeInIndex = 0; path = "TheMovieDB-Swift-AppUITests.xctest"; sourceTree = BUILT_PRODUCTS_DIR; };
		B76B4690202E20470023DD13 /* TheMovieDB_Swift_AppUITests.swift */ = {isa = PBXFileReference; lastKnownFileType = sourcecode.swift; path = TheMovieDB_Swift_AppUITests.swift; sourceTree = "<group>"; };
		B76B4692202E20470023DD13 /* Info.plist */ = {isa = PBXFileReference; lastKnownFileType = text.plist.xml; path = Info.plist; sourceTree = "<group>"; };
		CA3EBD076E79983B381BFFFB /* Pods_TheMovieDB_Swift_AppTests.framework */ = {isa = PBXFileReference; explicitFileType = wrapper.framework; includeInIndex = 0; path = Pods_TheMovieDB_Swift_AppTests.framework; sourceTree = BUILT_PRODUCTS_DIR; };
		F2CEA5680684BFBBF82E1CC3 /* Pods-TheMovieDB-Swift-AppUITests.debug.xcconfig */ = {isa = PBXFileReference; includeInIndex = 1; lastKnownFileType = text.xcconfig; name = "Pods-TheMovieDB-Swift-AppUITests.debug.xcconfig"; path = "Pods/Target Support Files/Pods-TheMovieDB-Swift-AppUITests/Pods-TheMovieDB-Swift-AppUITests.debug.xcconfig"; sourceTree = "<group>"; };
/* End PBXFileReference section */

/* Begin PBXFrameworksBuildPhase section */
		B76B466A202E20470023DD13 /* Frameworks */ = {
			isa = PBXFrameworksBuildPhase;
			buildActionMask = 2147483647;
			files = (
				185D88512D4BDEE4CC510999 /* Pods_TheMovieDB_Swift_App.framework in Frameworks */,
			);
			runOnlyForDeploymentPostprocessing = 0;
		};
		B76B467E202E20470023DD13 /* Frameworks */ = {
			isa = PBXFrameworksBuildPhase;
			buildActionMask = 2147483647;
			files = (
				0D8371CEC1BCB5454686A8F4 /* Pods_TheMovieDB_Swift_AppTests.framework in Frameworks */,
			);
			runOnlyForDeploymentPostprocessing = 0;
		};
		B76B4689202E20470023DD13 /* Frameworks */ = {
			isa = PBXFrameworksBuildPhase;
			buildActionMask = 2147483647;
			files = (
				226EF5A664F583E433B58C90 /* Pods_TheMovieDB_Swift_AppUITests.framework in Frameworks */,
			);
			runOnlyForDeploymentPostprocessing = 0;
		};
/* End PBXFrameworksBuildPhase section */

/* Begin PBXGroup section */
		009382055A507E6E61524120 /* Pods */ = {
			isa = PBXGroup;
			children = (
				27A530643892E17EBD2C1C96 /* Pods-TheMovieDB-Swift-App.debug.xcconfig */,
				4A6F9F8E6966222C96059153 /* Pods-TheMovieDB-Swift-App.release.xcconfig */,
				2F7FF0268B927C91F215AF75 /* Pods-TheMovieDB-Swift-AppTests.debug.xcconfig */,
				90C1A2894CFF8FB8F9C653D5 /* Pods-TheMovieDB-Swift-AppTests.release.xcconfig */,
				F2CEA5680684BFBBF82E1CC3 /* Pods-TheMovieDB-Swift-AppUITests.debug.xcconfig */,
				054C36E87EB74F0109ED1186 /* Pods-TheMovieDB-Swift-AppUITests.release.xcconfig */,
			);
			name = Pods;
			sourceTree = "<group>";
		};
		985E91F27DAF1C8B73638927 /* Frameworks */ = {
			isa = PBXGroup;
			children = (
				49611D83EC1BDC56CF6E9E98 /* Pods_TheMovieDB_Swift_App.framework */,
				CA3EBD076E79983B381BFFFB /* Pods_TheMovieDB_Swift_AppTests.framework */,
				6729C57FCC045FDC4A31CC82 /* Pods_TheMovieDB_Swift_AppUITests.framework */,
			);
			name = Frameworks;
			sourceTree = "<group>";
		};
		B76B4664202E20470023DD13 = {
			isa = PBXGroup;
			children = (
				B76B466F202E20470023DD13 /* TheMovieDB-Swift-App */,
				B76B4684202E20470023DD13 /* TheMovieDB-Swift-AppTests */,
				B76B468F202E20470023DD13 /* TheMovieDB-Swift-AppUITests */,
				B76B466E202E20470023DD13 /* Products */,
				009382055A507E6E61524120 /* Pods */,
				985E91F27DAF1C8B73638927 /* Frameworks */,
			);
			sourceTree = "<group>";
		};
		B76B466E202E20470023DD13 /* Products */ = {
			isa = PBXGroup;
			children = (
				B76B466D202E20470023DD13 /* TheMovieDB-Swift-App.app */,
				B76B4681202E20470023DD13 /* TheMovieDB-Swift-AppTests.xctest */,
				B76B468C202E20470023DD13 /* TheMovieDB-Swift-AppUITests.xctest */,
			);
			name = Products;
			sourceTree = "<group>";
		};
		B76B466F202E20470023DD13 /* TheMovieDB-Swift-App */ = {
			isa = PBXGroup;
			children = (
				B76B46A2202E3D8F0023DD13 /* helpers */,
				B76B469E202E3BFE0023DD13 /* models */,
				B76B469F202E3C060023DD13 /* views */,
				B76B46A4202E3DC80023DD13 /* application */,
				B76B4670202E20470023DD13 /* AppDelegate.swift */,
				B76B4677202E20470023DD13 /* Assets.xcassets */,
				B76B467C202E20470023DD13 /* Info.plist */,
			);
			path = "TheMovieDB-Swift-App";
			sourceTree = "<group>";
		};
		B76B4684202E20470023DD13 /* TheMovieDB-Swift-AppTests */ = {
			isa = PBXGroup;
			children = (
				B76B4685202E20470023DD13 /* TheMovieDB_Swift_AppTests.swift */,
				B76B4687202E20470023DD13 /* Info.plist */,
			);
			path = "TheMovieDB-Swift-AppTests";
			sourceTree = "<group>";
		};
		B76B468F202E20470023DD13 /* TheMovieDB-Swift-AppUITests */ = {
			isa = PBXGroup;
			children = (
				B76B4690202E20470023DD13 /* TheMovieDB_Swift_AppUITests.swift */,
				B76B4692202E20470023DD13 /* Info.plist */,
			);
			path = "TheMovieDB-Swift-AppUITests";
			sourceTree = "<group>";
		};
		B76B469E202E3BFE0023DD13 /* models */ = {
			isa = PBXGroup;
			children = (
			);
			path = models;
			sourceTree = "<group>";
		};
		B76B469F202E3C060023DD13 /* views */ = {
			isa = PBXGroup;
			children = (
				B76B4679202E20470023DD13 /* LaunchScreen.storyboard */,
				B76B4674202E20470023DD13 /* Main.storyboard */,
			);
			path = views;
			sourceTree = "<group>";
		};
		B76B46A1202E3C590023DD13 /* managers */ = {
			isa = PBXGroup;
			children = (
			);
			path = managers;
			sourceTree = "<group>";
		};
		B76B46A2202E3D8F0023DD13 /* helpers */ = {
			isa = PBXGroup;
			children = (
				B76B46A3202E3DB10023DD13 /* extensions */,
				B76B46A1202E3C590023DD13 /* managers */,
			);
			path = helpers;
			sourceTree = "<group>";
		};
		B76B46A3202E3DB10023DD13 /* extensions */ = {
			isa = PBXGroup;
			children = (
			);
			path = extensions;
			sourceTree = "<group>";
		};
		B76B46A4202E3DC80023DD13 /* application */ = {
			isa = PBXGroup;
			children = (
				B76B4672202E20470023DD13 /* ViewController.swift */,
			);
			path = application;
			sourceTree = "<group>";
		};
/* End PBXGroup section */

/* Begin PBXNativeTarget section */
		B76B466C202E20470023DD13 /* TheMovieDB-Swift-App */ = {
			isa = PBXNativeTarget;
			buildConfigurationList = B76B4695202E20470023DD13 /* Build configuration list for PBXNativeTarget "TheMovieDB-Swift-App" */;
			buildPhases = (
				8F1E3E7AE6217ADA2C4E16C2 /* [CP] Check Pods Manifest.lock */,
				B76B4669202E20470023DD13 /* Sources */,
				B76B466A202E20470023DD13 /* Frameworks */,
				B76B466B202E20470023DD13 /* Resources */,
				465A47516F16FA63E4AADE11 /* [CP] Embed Pods Frameworks */,
				FE81FBEF105420AC5ECBD3D9 /* [CP] Copy Pods Resources */,
			);
			buildRules = (
			);
			dependencies = (
			);
			name = "TheMovieDB-Swift-App";
			productName = "TheMovieDB-Swift-App";
			productReference = B76B466D202E20470023DD13 /* TheMovieDB-Swift-App.app */;
			productType = "com.apple.product-type.application";
		};
		B76B4680202E20470023DD13 /* TheMovieDB-Swift-AppTests */ = {
			isa = PBXNativeTarget;
			buildConfigurationList = B76B4698202E20470023DD13 /* Build configuration list for PBXNativeTarget "TheMovieDB-Swift-AppTests" */;
			buildPhases = (
				7634B0157B35B5DF170208D9 /* [CP] Check Pods Manifest.lock */,
				B76B467D202E20470023DD13 /* Sources */,
				B76B467E202E20470023DD13 /* Frameworks */,
				B76B467F202E20470023DD13 /* Resources */,
				2B3658461FE2C365CCBF3799 /* [CP] Embed Pods Frameworks */,
				9EFBADAB7EEC33CDEFF55FEC /* [CP] Copy Pods Resources */,
			);
			buildRules = (
			);
			dependencies = (
				B76B4683202E20470023DD13 /* PBXTargetDependency */,
			);
			name = "TheMovieDB-Swift-AppTests";
			productName = "TheMovieDB-Swift-AppTests";
			productReference = B76B4681202E20470023DD13 /* TheMovieDB-Swift-AppTests.xctest */;
			productType = "com.apple.product-type.bundle.unit-test";
		};
		B76B468B202E20470023DD13 /* TheMovieDB-Swift-AppUITests */ = {
			isa = PBXNativeTarget;
			buildConfigurationList = B76B469B202E20470023DD13 /* Build configuration list for PBXNativeTarget "TheMovieDB-Swift-AppUITests" */;
			buildPhases = (
				27BD3C5FE48851F24EAF3057 /* [CP] Check Pods Manifest.lock */,
				B76B4688202E20470023DD13 /* Sources */,
				B76B4689202E20470023DD13 /* Frameworks */,
				B76B468A202E20470023DD13 /* Resources */,
				E052EDEA66E5542C0EDC9404 /* [CP] Embed Pods Frameworks */,
				85F47C45DFDC7AE35B815FF0 /* [CP] Copy Pods Resources */,
			);
			buildRules = (
			);
			dependencies = (
				B76B468E202E20470023DD13 /* PBXTargetDependency */,
			);
			name = "TheMovieDB-Swift-AppUITests";
			productName = "TheMovieDB-Swift-AppUITests";
			productReference = B76B468C202E20470023DD13 /* TheMovieDB-Swift-AppUITests.xctest */;
			productType = "com.apple.product-type.bundle.ui-testing";
		};
/* End PBXNativeTarget section */

/* Begin PBXProject section */
		B76B4665202E20470023DD13 /* Project object */ = {
			isa = PBXProject;
			attributes = {
				LastSwiftUpdateCheck = 0920;
				LastUpgradeCheck = 0920;
				ORGANIZATIONNAME = "Willian Pinho";
				TargetAttributes = {
					B76B466C202E20470023DD13 = {
						CreatedOnToolsVersion = 9.2;
						ProvisioningStyle = Automatic;
					};
					B76B4680202E20470023DD13 = {
						CreatedOnToolsVersion = 9.2;
						ProvisioningStyle = Automatic;
						TestTargetID = B76B466C202E20470023DD13;
					};
					B76B468B202E20470023DD13 = {
						CreatedOnToolsVersion = 9.2;
						ProvisioningStyle = Automatic;
						TestTargetID = B76B466C202E20470023DD13;
					};
				};
			};
			buildConfigurationList = B76B4668202E20470023DD13 /* Build configuration list for PBXProject "TheMovieDB-Swift-App" */;
			compatibilityVersion = "Xcode 8.0";
			developmentRegion = en;
			hasScannedForEncodings = 0;
			knownRegions = (
				en,
				Base,
			);
			mainGroup = B76B4664202E20470023DD13;
			productRefGroup = B76B466E202E20470023DD13 /* Products */;
			projectDirPath = "";
			projectRoot = "";
			targets = (
				B76B466C202E20470023DD13 /* TheMovieDB-Swift-App */,
				B76B4680202E20470023DD13 /* TheMovieDB-Swift-AppTests */,
				B76B468B202E20470023DD13 /* TheMovieDB-Swift-AppUITests */,
			);
		};
/* End PBXProject section */

/* Begin PBXResourcesBuildPhase section */
		B76B466B202E20470023DD13 /* Resources */ = {
			isa = PBXResourcesBuildPhase;
			buildActionMask = 2147483647;
			files = (
				B76B467B202E20470023DD13 /* LaunchScreen.storyboard in Resources */,
				B76B4678202E20470023DD13 /* Assets.xcassets in Resources */,
				B76B4676202E20470023DD13 /* Main.storyboard in Resources */,
			);
			runOnlyForDeploymentPostprocessing = 0;
		};
		B76B467F202E20470023DD13 /* Resources */ = {
			isa = PBXResourcesBuildPhase;
			buildActionMask = 2147483647;
			files = (
			);
			runOnlyForDeploymentPostprocessing = 0;
		};
		B76B468A202E20470023DD13 /* Resources */ = {
			isa = PBXResourcesBuildPhase;
			buildActionMask = 2147483647;
			files = (
			);
			runOnlyForDeploymentPostprocessing = 0;
		};
/* End PBXResourcesBuildPhase section */

/* Begin PBXShellScriptBuildPhase section */
		27BD3C5FE48851F24EAF3057 /* [CP] Check Pods Manifest.lock */ = {
			isa = PBXShellScriptBuildPhase;
			buildActionMask = 2147483647;
			files = (
			);
			inputPaths = (
				"${PODS_PODFILE_DIR_PATH}/Podfile.lock",
				"${PODS_ROOT}/Manifest.lock",
			);
			name = "[CP] Check Pods Manifest.lock";
			outputPaths = (
				"$(DERIVED_FILE_DIR)/Pods-TheMovieDB-Swift-AppUITests-checkManifestLockResult.txt",
			);
			runOnlyForDeploymentPostprocessing = 0;
			shellPath = /bin/sh;
			shellScript = "diff \"${PODS_PODFILE_DIR_PATH}/Podfile.lock\" \"${PODS_ROOT}/Manifest.lock\" > /dev/null\nif [ $? != 0 ] ; then\n    # print error to STDERR\n    echo \"error: The sandbox is not in sync with the Podfile.lock. Run 'pod install' or update your CocoaPods installation.\" >&2\n    exit 1\nfi\n# This output is used by Xcode 'outputs' to avoid re-running this script phase.\necho \"SUCCESS\" > \"${SCRIPT_OUTPUT_FILE_0}\"\n";
			showEnvVarsInLog = 0;
		};
		2B3658461FE2C365CCBF3799 /* [CP] Embed Pods Frameworks */ = {
			isa = PBXShellScriptBuildPhase;
			buildActionMask = 2147483647;
			files = (
			);
			inputPaths = (
			);
			name = "[CP] Embed Pods Frameworks";
			outputPaths = (
			);
			runOnlyForDeploymentPostprocessing = 0;
			shellPath = /bin/sh;
			shellScript = "\"${SRCROOT}/Pods/Target Support Files/Pods-TheMovieDB-Swift-AppTests/Pods-TheMovieDB-Swift-AppTests-frameworks.sh\"\n";
			showEnvVarsInLog = 0;
		};
		465A47516F16FA63E4AADE11 /* [CP] Embed Pods Frameworks */ = {
			isa = PBXShellScriptBuildPhase;
			buildActionMask = 2147483647;
			files = (
			);
			inputPaths = (
			);
			name = "[CP] Embed Pods Frameworks";
			outputPaths = (
			);
			runOnlyForDeploymentPostprocessing = 0;
			shellPath = /bin/sh;
			shellScript = "\"${SRCROOT}/Pods/Target Support Files/Pods-TheMovieDB-Swift-App/Pods-TheMovieDB-Swift-App-frameworks.sh\"\n";
			showEnvVarsInLog = 0;
		};
		7634B0157B35B5DF170208D9 /* [CP] Check Pods Manifest.lock */ = {
			isa = PBXShellScriptBuildPhase;
			buildActionMask = 2147483647;
			files = (
			);
			inputPaths = (
				"${PODS_PODFILE_DIR_PATH}/Podfile.lock",
				"${PODS_ROOT}/Manifest.lock",
			);
			name = "[CP] Check Pods Manifest.lock";
			outputPaths = (
				"$(DERIVED_FILE_DIR)/Pods-TheMovieDB-Swift-AppTests-checkManifestLockResult.txt",
			);
			runOnlyForDeploymentPostprocessing = 0;
			shellPath = /bin/sh;
			shellScript = "diff \"${PODS_PODFILE_DIR_PATH}/Podfile.lock\" \"${PODS_ROOT}/Manifest.lock\" > /dev/null\nif [ $? != 0 ] ; then\n    # print error to STDERR\n    echo \"error: The sandbox is not in sync with the Podfile.lock. Run 'pod install' or update your CocoaPods installation.\" >&2\n    exit 1\nfi\n# This output is used by Xcode 'outputs' to avoid re-running this script phase.\necho \"SUCCESS\" > \"${SCRIPT_OUTPUT_FILE_0}\"\n";
			showEnvVarsInLog = 0;
		};
		85F47C45DFDC7AE35B815FF0 /* [CP] Copy Pods Resources */ = {
			isa = PBXShellScriptBuildPhase;
			buildActionMask = 2147483647;
			files = (
			);
			inputPaths = (
			);
			name = "[CP] Copy Pods Resources";
			outputPaths = (
			);
			runOnlyForDeploymentPostprocessing = 0;
			shellPath = /bin/sh;
			shellScript = "\"${SRCROOT}/Pods/Target Support Files/Pods-TheMovieDB-Swift-AppUITests/Pods-TheMovieDB-Swift-AppUITests-resources.sh\"\n";
			showEnvVarsInLog = 0;
		};
		8F1E3E7AE6217ADA2C4E16C2 /* [CP] Check Pods Manifest.lock */ = {
			isa = PBXShellScriptBuildPhase;
			buildActionMask = 2147483647;
			files = (
			);
			inputPaths = (
				"${PODS_PODFILE_DIR_PATH}/Podfile.lock",
				"${PODS_ROOT}/Manifest.lock",
			);
			name = "[CP] Check Pods Manifest.lock";
			outputPaths = (
				"$(DERIVED_FILE_DIR)/Pods-TheMovieDB-Swift-App-checkManifestLockResult.txt",
			);
			runOnlyForDeploymentPostprocessing = 0;
			shellPath = /bin/sh;
			shellScript = "diff \"${PODS_PODFILE_DIR_PATH}/Podfile.lock\" \"${PODS_ROOT}/Manifest.lock\" > /dev/null\nif [ $? != 0 ] ; then\n    # print error to STDERR\n    echo \"error: The sandbox is not in sync with the Podfile.lock. Run 'pod install' or update your CocoaPods installation.\" >&2\n    exit 1\nfi\n# This output is used by Xcode 'outputs' to avoid re-running this script phase.\necho \"SUCCESS\" > \"${SCRIPT_OUTPUT_FILE_0}\"\n";
			showEnvVarsInLog = 0;
		};
		9EFBADAB7EEC33CDEFF55FEC /* [CP] Copy Pods Resources */ = {
			isa = PBXShellScriptBuildPhase;
			buildActionMask = 2147483647;
			files = (
			);
			inputPaths = (
			);
			name = "[CP] Copy Pods Resources";
			outputPaths = (
			);
			runOnlyForDeploymentPostprocessing = 0;
			shellPath = /bin/sh;
			shellScript = "\"${SRCROOT}/Pods/Target Support Files/Pods-TheMovieDB-Swift-AppTests/Pods-TheMovieDB-Swift-AppTests-resources.sh\"\n";
			showEnvVarsInLog = 0;
		};
		E052EDEA66E5542C0EDC9404 /* [CP] Embed Pods Frameworks */ = {
			isa = PBXShellScriptBuildPhase;
			buildActionMask = 2147483647;
			files = (
			);
			inputPaths = (
			);
			name = "[CP] Embed Pods Frameworks";
			outputPaths = (
			);
			runOnlyForDeploymentPostprocessing = 0;
			shellPath = /bin/sh;
			shellScript = "\"${SRCROOT}/Pods/Target Support Files/Pods-TheMovieDB-Swift-AppUITests/Pods-TheMovieDB-Swift-AppUITests-frameworks.sh\"\n";
			showEnvVarsInLog = 0;
		};
		FE81FBEF105420AC5ECBD3D9 /* [CP] Copy Pods Resources */ = {
			isa = PBXShellScriptBuildPhase;
			buildActionMask = 2147483647;
			files = (
			);
			inputPaths = (
			);
			name = "[CP] Copy Pods Resources";
			outputPaths = (
			);
			runOnlyForDeploymentPostprocessing = 0;
			shellPath = /bin/sh;
			shellScript = "\"${SRCROOT}/Pods/Target Support Files/Pods-TheMovieDB-Swift-App/Pods-TheMovieDB-Swift-App-resources.sh\"\n";
			showEnvVarsInLog = 0;
		};
/* End PBXShellScriptBuildPhase section */

/* Begin PBXSourcesBuildPhase section */
		B76B4669202E20470023DD13 /* Sources */ = {
			isa = PBXSourcesBuildPhase;
			buildActionMask = 2147483647;
			files = (
				B76B4673202E20470023DD13 /* ViewController.swift in Sources */,
				B76B4671202E20470023DD13 /* AppDelegate.swift in Sources */,
			);
			runOnlyForDeploymentPostprocessing = 0;
		};
		B76B467D202E20470023DD13 /* Sources */ = {
			isa = PBXSourcesBuildPhase;
			buildActionMask = 2147483647;
			files = (
				B76B4686202E20470023DD13 /* TheMovieDB_Swift_AppTests.swift in Sources */,
			);
			runOnlyForDeploymentPostprocessing = 0;
		};
		B76B4688202E20470023DD13 /* Sources */ = {
			isa = PBXSourcesBuildPhase;
			buildActionMask = 2147483647;
			files = (
				B76B4691202E20470023DD13 /* TheMovieDB_Swift_AppUITests.swift in Sources */,
			);
			runOnlyForDeploymentPostprocessing = 0;
		};
/* End PBXSourcesBuildPhase section */

/* Begin PBXTargetDependency section */
		B76B4683202E20470023DD13 /* PBXTargetDependency */ = {
			isa = PBXTargetDependency;
			target = B76B466C202E20470023DD13 /* TheMovieDB-Swift-App */;
			targetProxy = B76B4682202E20470023DD13 /* PBXContainerItemProxy */;
		};
		B76B468E202E20470023DD13 /* PBXTargetDependency */ = {
			isa = PBXTargetDependency;
			target = B76B466C202E20470023DD13 /* TheMovieDB-Swift-App */;
			targetProxy = B76B468D202E20470023DD13 /* PBXContainerItemProxy */;
		};
/* End PBXTargetDependency section */

/* Begin PBXVariantGroup section */
		B76B4674202E20470023DD13 /* Main.storyboard */ = {
			isa = PBXVariantGroup;
			children = (
				B76B4675202E20470023DD13 /* Base */,
			);
			name = Main.storyboard;
			sourceTree = "<group>";
		};
		B76B4679202E20470023DD13 /* LaunchScreen.storyboard */ = {
			isa = PBXVariantGroup;
			children = (
				B76B467A202E20470023DD13 /* Base */,
			);
			name = LaunchScreen.storyboard;
			sourceTree = "<group>";
		};
/* End PBXVariantGroup section */

/* Begin XCBuildConfiguration section */
		B76B4693202E20470023DD13 /* Debug */ = {
			isa = XCBuildConfiguration;
			buildSettings = {
				ALWAYS_SEARCH_USER_PATHS = NO;
				CLANG_ANALYZER_NONNULL = YES;
				CLANG_ANALYZER_NUMBER_OBJECT_CONVERSION = YES_AGGRESSIVE;
				CLANG_CXX_LANGUAGE_STANDARD = "gnu++14";
				CLANG_CXX_LIBRARY = "libc++";
				CLANG_ENABLE_MODULES = YES;
				CLANG_ENABLE_OBJC_ARC = YES;
				CLANG_WARN_BLOCK_CAPTURE_AUTORELEASING = YES;
				CLANG_WARN_BOOL_CONVERSION = YES;
				CLANG_WARN_COMMA = YES;
				CLANG_WARN_CONSTANT_CONVERSION = YES;
				CLANG_WARN_DIRECT_OBJC_ISA_USAGE = YES_ERROR;
				CLANG_WARN_DOCUMENTATION_COMMENTS = YES;
				CLANG_WARN_EMPTY_BODY = YES;
				CLANG_WARN_ENUM_CONVERSION = YES;
				CLANG_WARN_INFINITE_RECURSION = YES;
				CLANG_WARN_INT_CONVERSION = YES;
				CLANG_WARN_NON_LITERAL_NULL_CONVERSION = YES;
				CLANG_WARN_OBJC_LITERAL_CONVERSION = YES;
				CLANG_WARN_OBJC_ROOT_CLASS = YES_ERROR;
				CLANG_WARN_RANGE_LOOP_ANALYSIS = YES;
				CLANG_WARN_STRICT_PROTOTYPES = YES;
				CLANG_WARN_SUSPICIOUS_MOVE = YES;
				CLANG_WARN_UNGUARDED_AVAILABILITY = YES_AGGRESSIVE;
				CLANG_WARN_UNREACHABLE_CODE = YES;
				CLANG_WARN__DUPLICATE_METHOD_MATCH = YES;
				CODE_SIGN_IDENTITY = "iPhone Developer";
				COPY_PHASE_STRIP = NO;
				DEBUG_INFORMATION_FORMAT = dwarf;
				ENABLE_STRICT_OBJC_MSGSEND = YES;
				ENABLE_TESTABILITY = YES;
				GCC_C_LANGUAGE_STANDARD = gnu11;
				GCC_DYNAMIC_NO_PIC = NO;
				GCC_NO_COMMON_BLOCKS = YES;
				GCC_OPTIMIZATION_LEVEL = 0;
				GCC_PREPROCESSOR_DEFINITIONS = (
					"DEBUG=1",
					"$(inherited)",
				);
				GCC_WARN_64_TO_32_BIT_CONVERSION = YES;
				GCC_WARN_ABOUT_RETURN_TYPE = YES_ERROR;
				GCC_WARN_UNDECLARED_SELECTOR = YES;
				GCC_WARN_UNINITIALIZED_AUTOS = YES_AGGRESSIVE;
				GCC_WARN_UNUSED_FUNCTION = YES;
				GCC_WARN_UNUSED_VARIABLE = YES;
				IPHONEOS_DEPLOYMENT_TARGET = 11.2;
				MTL_ENABLE_DEBUG_INFO = YES;
				ONLY_ACTIVE_ARCH = YES;
				SDKROOT = iphoneos;
				SWIFT_ACTIVE_COMPILATION_CONDITIONS = DEBUG;
				SWIFT_OPTIMIZATION_LEVEL = "-Onone";
			};
			name = Debug;
		};
		B76B4694202E20470023DD13 /* Release */ = {
			isa = XCBuildConfiguration;
			buildSettings = {
				ALWAYS_SEARCH_USER_PATHS = NO;
				CLANG_ANALYZER_NONNULL = YES;
				CLANG_ANALYZER_NUMBER_OBJECT_CONVERSION = YES_AGGRESSIVE;
				CLANG_CXX_LANGUAGE_STANDARD = "gnu++14";
				CLANG_CXX_LIBRARY = "libc++";
				CLANG_ENABLE_MODULES = YES;
				CLANG_ENABLE_OBJC_ARC = YES;
				CLANG_WARN_BLOCK_CAPTURE_AUTORELEASING = YES;
				CLANG_WARN_BOOL_CONVERSION = YES;
				CLANG_WARN_COMMA = YES;
				CLANG_WARN_CONSTANT_CONVERSION = YES;
				CLANG_WARN_DIRECT_OBJC_ISA_USAGE = YES_ERROR;
				CLANG_WARN_DOCUMENTATION_COMMENTS = YES;
				CLANG_WARN_EMPTY_BODY = YES;
				CLANG_WARN_ENUM_CONVERSION = YES;
				CLANG_WARN_INFINITE_RECURSION = YES;
				CLANG_WARN_INT_CONVERSION = YES;
				CLANG_WARN_NON_LITERAL_NULL_CONVERSION = YES;
				CLANG_WARN_OBJC_LITERAL_CONVERSION = YES;
				CLANG_WARN_OBJC_ROOT_CLASS = YES_ERROR;
				CLANG_WARN_RANGE_LOOP_ANALYSIS = YES;
				CLANG_WARN_STRICT_PROTOTYPES = YES;
				CLANG_WARN_SUSPICIOUS_MOVE = YES;
				CLANG_WARN_UNGUARDED_AVAILABILITY = YES_AGGRESSIVE;
				CLANG_WARN_UNREACHABLE_CODE = YES;
				CLANG_WARN__DUPLICATE_METHOD_MATCH = YES;
				CODE_SIGN_IDENTITY = "iPhone Developer";
				COPY_PHASE_STRIP = NO;
				DEBUG_INFORMATION_FORMAT = "dwarf-with-dsym";
				ENABLE_NS_ASSERTIONS = NO;
				ENABLE_STRICT_OBJC_MSGSEND = YES;
				GCC_C_LANGUAGE_STANDARD = gnu11;
				GCC_NO_COMMON_BLOCKS = YES;
				GCC_WARN_64_TO_32_BIT_CONVERSION = YES;
				GCC_WARN_ABOUT_RETURN_TYPE = YES_ERROR;
				GCC_WARN_UNDECLARED_SELECTOR = YES;
				GCC_WARN_UNINITIALIZED_AUTOS = YES_AGGRESSIVE;
				GCC_WARN_UNUSED_FUNCTION = YES;
				GCC_WARN_UNUSED_VARIABLE = YES;
				IPHONEOS_DEPLOYMENT_TARGET = 11.2;
				MTL_ENABLE_DEBUG_INFO = NO;
				SDKROOT = iphoneos;
				SWIFT_OPTIMIZATION_LEVEL = "-Owholemodule";
				VALIDATE_PRODUCT = YES;
			};
			name = Release;
		};
		B76B4696202E20470023DD13 /* Debug */ = {
			isa = XCBuildConfiguration;
			baseConfigurationReference = 27A530643892E17EBD2C1C96 /* Pods-TheMovieDB-Swift-App.debug.xcconfig */;
			buildSettings = {
				ASSETCATALOG_COMPILER_APPICON_NAME = AppIcon;
				CODE_SIGN_STYLE = Automatic;
				DEVELOPMENT_TEAM = UT4W7MMEML;
				INFOPLIST_FILE = "TheMovieDB-Swift-App/Info.plist";
				LD_RUNPATH_SEARCH_PATHS = "$(inherited) @executable_path/Frameworks";
				PRODUCT_BUNDLE_IDENTIFIER = "com.willianpinho.TheMovieDB-Swift-App";
				PRODUCT_NAME = "$(TARGET_NAME)";
				SWIFT_VERSION = 4.0;
				TARGETED_DEVICE_FAMILY = "1,2";
			};
			name = Debug;
		};
		B76B4697202E20470023DD13 /* Release */ = {
			isa = XCBuildConfiguration;
			baseConfigurationReference = 4A6F9F8E6966222C96059153 /* Pods-TheMovieDB-Swift-App.release.xcconfig */;
			buildSettings = {
				ASSETCATALOG_COMPILER_APPICON_NAME = AppIcon;
				CODE_SIGN_STYLE = Automatic;
				DEVELOPMENT_TEAM = UT4W7MMEML;
				INFOPLIST_FILE = "TheMovieDB-Swift-App/Info.plist";
				LD_RUNPATH_SEARCH_PATHS = "$(inherited) @executable_path/Frameworks";
				PRODUCT_BUNDLE_IDENTIFIER = "com.willianpinho.TheMovieDB-Swift-App";
				PRODUCT_NAME = "$(TARGET_NAME)";
				SWIFT_VERSION = 4.0;
				TARGETED_DEVICE_FAMILY = "1,2";
			};
			name = Release;
		};
		B76B4699202E20470023DD13 /* Debug */ = {
			isa = XCBuildConfiguration;
			baseConfigurationReference = 2F7FF0268B927C91F215AF75 /* Pods-TheMovieDB-Swift-AppTests.debug.xcconfig */;
			buildSettings = {
				ALWAYS_EMBED_SWIFT_STANDARD_LIBRARIES = YES;
				BUNDLE_LOADER = "$(TEST_HOST)";
				CODE_SIGN_STYLE = Automatic;
				DEVELOPMENT_TEAM = UT4W7MMEML;
				INFOPLIST_FILE = "TheMovieDB-Swift-AppTests/Info.plist";
				LD_RUNPATH_SEARCH_PATHS = "$(inherited) @executable_path/Frameworks @loader_path/Frameworks";
				PRODUCT_BUNDLE_IDENTIFIER = "com.willianpinho.TheMovieDB-Swift-AppTests";
				PRODUCT_NAME = "$(TARGET_NAME)";
				SWIFT_VERSION = 4.0;
				TARGETED_DEVICE_FAMILY = "1,2";
				TEST_HOST = "$(BUILT_PRODUCTS_DIR)/TheMovieDB-Swift-App.app/TheMovieDB-Swift-App";
			};
			name = Debug;
		};
		B76B469A202E20470023DD13 /* Release */ = {
			isa = XCBuildConfiguration;
			baseConfigurationReference = 90C1A2894CFF8FB8F9C653D5 /* Pods-TheMovieDB-Swift-AppTests.release.xcconfig */;
			buildSettings = {
				ALWAYS_EMBED_SWIFT_STANDARD_LIBRARIES = YES;
				BUNDLE_LOADER = "$(TEST_HOST)";
				CODE_SIGN_STYLE = Automatic;
				DEVELOPMENT_TEAM = UT4W7MMEML;
				INFOPLIST_FILE = "TheMovieDB-Swift-AppTests/Info.plist";
				LD_RUNPATH_SEARCH_PATHS = "$(inherited) @executable_path/Frameworks @loader_path/Frameworks";
				PRODUCT_BUNDLE_IDENTIFIER = "com.willianpinho.TheMovieDB-Swift-AppTests";
				PRODUCT_NAME = "$(TARGET_NAME)";
				SWIFT_VERSION = 4.0;
				TARGETED_DEVICE_FAMILY = "1,2";
				TEST_HOST = "$(BUILT_PRODUCTS_DIR)/TheMovieDB-Swift-App.app/TheMovieDB-Swift-App";
			};
			name = Release;
		};
		B76B469C202E20470023DD13 /* Debug */ = {
			isa = XCBuildConfiguration;
			baseConfigurationReference = F2CEA5680684BFBBF82E1CC3 /* Pods-TheMovieDB-Swift-AppUITests.debug.xcconfig */;
			buildSettings = {
				ALWAYS_EMBED_SWIFT_STANDARD_LIBRARIES = YES;
				CODE_SIGN_STYLE = Automatic;
				DEVELOPMENT_TEAM = UT4W7MMEML;
				INFOPLIST_FILE = "TheMovieDB-Swift-AppUITests/Info.plist";
				LD_RUNPATH_SEARCH_PATHS = "$(inherited) @executable_path/Frameworks @loader_path/Frameworks";
				PRODUCT_BUNDLE_IDENTIFIER = "com.willianpinho.TheMovieDB-Swift-AppUITests";
				PRODUCT_NAME = "$(TARGET_NAME)";
				SWIFT_VERSION = 4.0;
				TARGETED_DEVICE_FAMILY = "1,2";
				TEST_TARGET_NAME = "TheMovieDB-Swift-App";
			};
			name = Debug;
		};
		B76B469D202E20470023DD13 /* Release */ = {
			isa = XCBuildConfiguration;
			baseConfigurationReference = 054C36E87EB74F0109ED1186 /* Pods-TheMovieDB-Swift-AppUITests.release.xcconfig */;
			buildSettings = {
				ALWAYS_EMBED_SWIFT_STANDARD_LIBRARIES = YES;
				CODE_SIGN_STYLE = Automatic;
				DEVELOPMENT_TEAM = UT4W7MMEML;
				INFOPLIST_FILE = "TheMovieDB-Swift-AppUITests/Info.plist";
				LD_RUNPATH_SEARCH_PATHS = "$(inherited) @executable_path/Frameworks @loader_path/Frameworks";
				PRODUCT_BUNDLE_IDENTIFIER = "com.willianpinho.TheMovieDB-Swift-AppUITests";
				PRODUCT_NAME = "$(TARGET_NAME)";
				SWIFT_VERSION = 4.0;
				TARGETED_DEVICE_FAMILY = "1,2";
				TEST_TARGET_NAME = "TheMovieDB-Swift-App";
			};
			name = Release;
		};
/* End XCBuildConfiguration section */

/* Begin XCConfigurationList section */
		B76B4668202E20470023DD13 /* Build configuration list for PBXProject "TheMovieDB-Swift-App" */ = {
			isa = XCConfigurationList;
			buildConfigurations = (
				B76B4693202E20470023DD13 /* Debug */,
				B76B4694202E20470023DD13 /* Release */,
			);
			defaultConfigurationIsVisible = 0;
			defaultConfigurationName = Release;
		};
		B76B4695202E20470023DD13 /* Build configuration list for PBXNativeTarget "TheMovieDB-Swift-App" */ = {
			isa = XCConfigurationList;
			buildConfigurations = (
				B76B4696202E20470023DD13 /* Debug */,
				B76B4697202E20470023DD13 /* Release */,
			);
			defaultConfigurationIsVisible = 0;
			defaultConfigurationName = Release;
		};
		B76B4698202E20470023DD13 /* Build configuration list for PBXNativeTarget "TheMovieDB-Swift-AppTests" */ = {
			isa = XCConfigurationList;
			buildConfigurations = (
				B76B4699202E20470023DD13 /* Debug */,
				B76B469A202E20470023DD13 /* Release */,
			);
			defaultConfigurationIsVisible = 0;
			defaultConfigurationName = Release;
		};
		B76B469B202E20470023DD13 /* Build configuration list for PBXNativeTarget "TheMovieDB-Swift-AppUITests" */ = {
			isa = XCConfigurationList;
			buildConfigurations = (
				B76B469C202E20470023DD13 /* Debug */,
				B76B469D202E20470023DD13 /* Release */,
			);
			defaultConfigurationIsVisible = 0;
			defaultConfigurationName = Release;
		};
/* End XCConfigurationList section */
	};
	rootObject = B76B4665202E20470023DD13 /* Project object */;
}
